
Microsoft Visual Studio Solution File, Format Version 12.00
# Visual Studio Version 17
VisualStudioVersion = 17.2.32630.192
MinimumVisualStudioVersion = 10.0.40219.1
Project("{FAE04EC0-301F-11D3-BF4B-00C04F79EFBC}") = "Kasermo", "Kasermo\Kasermo.csproj", "{BE218F33-F032-474A-BDB8-BC6D53F8B669}"
EndProject
Global
	GlobalSection(SolutionConfigurationPlatforms) = preSolution
		Debug|Any CPU = Debug|Any CPU
		Release|Any CPU = Release|Any CPU
	EndGlobalSection
	GlobalSection(ProjectConfigurationPlatforms) = postSolution
		{BE218F33-F032-474A-BDB8-BC6D53F8B669}.Debug|Any CPU.ActiveCfg = Debug|Any CPU
		{BE218F33-F032-474A-BDB8-BC6D53F8B669}.Debug|Any CPU.Build.0 = Debug|Any CPU
		{BE218F33-F032-474A-BDB8-BC6D53F8B669}.Release|Any CPU.ActiveCfg = Release|Any CPU
		{BE218F33-F032-474A-BDB8-BC6D53F8B669}.Release|Any CPU.Build.0 = Release|Any CPU
	EndGlobalSection
	GlobalSection(SolutionProperties) = preSolution
		HideSolutionNode = FALSE
	EndGlobalSection
	GlobalSection(ExtensibilityGlobals) = postSolution
		SolutionGuid = {B0EF51E9-66D8-4E09-8478-C82C23879E40}
	EndGlobalSection
EndGlobal
